
Microsoft Visual Studio Solution File, Format Version 12.00
# Visual Studio Version 17
VisualStudioVersion = 17.11.35327.3
MinimumVisualStudioVersion = 10.0.40219.1
Project("{FAE04EC0-301F-11D3-BF4B-00C04F79EFBC}") = "MVCPassingData", "MVCPassingData\MVCPassingData.csproj", "{B80DEF39-BE81-4BAB-87B3-AA231D06F049}"
EndProject
Global
	GlobalSection(SolutionConfigurationPlatforms) = preSolution
		Debug|Any CPU = Debug|Any CPU
		Release|Any CPU = Release|Any CPU
	EndGlobalSection
	GlobalSection(ProjectConfigurationPlatforms) = postSolution
		{B80DEF39-BE81-4BAB-87B3-AA231D06F049}.Debug|Any CPU.ActiveCfg = Debug|Any CPU
		{B80DEF39-BE81-4BAB-87B3-AA231D06F049}.Debug|Any CPU.Build.0 = Debug|Any CPU
		{B80DEF39-BE81-4BAB-87B3-AA231D06F049}.Release|Any CPU.ActiveCfg = Release|Any CPU
		{B80DEF39-BE81-4BAB-87B3-AA231D06F049}.Release|Any CPU.Build.0 = Release|Any CPU
	EndGlobalSection
	GlobalSection(SolutionProperties) = preSolution
		HideSolutionNode = FALSE
	EndGlobalSection
	GlobalSection(ExtensibilityGlobals) = postSolution
		SolutionGuid = {5A41ADE8-1668-441B-9845-CBEEFEB9E7B0}
	EndGlobalSection
EndGlobal
