
Microsoft Visual Studio Solution File, Format Version 12.00
# Visual Studio Version 17
VisualStudioVersion = 17.11.35222.181
MinimumVisualStudioVersion = 10.0.40219.1
Project("{FAE04EC0-301F-11D3-BF4B-00C04F79EFBC}") = "PlayersApp", "PlayersApp.csproj", "{EB7EBC91-4187-4041-A2C7-EF48EA6F44DE}"
EndProject
Global
	GlobalSection(SolutionConfigurationPlatforms) = preSolution
		Debug|Any CPU = Debug|Any CPU
		Release|Any CPU = Release|Any CPU
	EndGlobalSection
	GlobalSection(ProjectConfigurationPlatforms) = postSolution
		{EB7EBC91-4187-4041-A2C7-EF48EA6F44DE}.Debug|Any CPU.ActiveCfg = Debug|Any CPU
		{EB7EBC91-4187-4041-A2C7-EF48EA6F44DE}.Debug|Any CPU.Build.0 = Debug|Any CPU
		{EB7EBC91-4187-4041-A2C7-EF48EA6F44DE}.Release|Any CPU.ActiveCfg = Release|Any CPU
		{EB7EBC91-4187-4041-A2C7-EF48EA6F44DE}.Release|Any CPU.Build.0 = Release|Any CPU
	EndGlobalSection
	GlobalSection(SolutionProperties) = preSolution
		HideSolutionNode = FALSE
	EndGlobalSection
	GlobalSection(ExtensibilityGlobals) = postSolution
		SolutionGuid = {69B9393B-AFBE-4A8B-A9AC-68B728B81862}
	EndGlobalSection
EndGlobal
