
Microsoft Visual Studio Solution File, Format Version 12.00
# Visual Studio Version 17
VisualStudioVersion = 17.11.35327.3
MinimumVisualStudioVersion = 10.0.40219.1
Project("{FAE04EC0-301F-11D3-BF4B-00C04F79EFBC}") = "MVCDemo", "MVCDemo\MVCDemo.csproj", "{36B46D3A-20B6-418B-8C42-3573DE298482}"
EndProject
Global
	GlobalSection(SolutionConfigurationPlatforms) = preSolution
		Debug|Any CPU = Debug|Any CPU
		Release|Any CPU = Release|Any CPU
	EndGlobalSection
	GlobalSection(ProjectConfigurationPlatforms) = postSolution
		{36B46D3A-20B6-418B-8C42-3573DE298482}.Debug|Any CPU.ActiveCfg = Debug|Any CPU
		{36B46D3A-20B6-418B-8C42-3573DE298482}.Debug|Any CPU.Build.0 = Debug|Any CPU
		{36B46D3A-20B6-418B-8C42-3573DE298482}.Release|Any CPU.ActiveCfg = Release|Any CPU
		{36B46D3A-20B6-418B-8C42-3573DE298482}.Release|Any CPU.Build.0 = Release|Any CPU
	EndGlobalSection
	GlobalSection(SolutionProperties) = preSolution
		HideSolutionNode = FALSE
	EndGlobalSection
	GlobalSection(ExtensibilityGlobals) = postSolution
		SolutionGuid = {94C9E475-8AA3-4B6A-AAD0-12A0C22D30E5}
	EndGlobalSection
EndGlobal
