
Microsoft Visual Studio Solution File, Format Version 12.00
# Visual Studio Version 17
VisualStudioVersion = 17.11.35327.3
MinimumVisualStudioVersion = 10.0.40219.1
Project("{FAE04EC0-301F-11D3-BF4B-00C04F79EFBC}") = "CompanyEFCode", "CompanyEFCode.csproj", "{DC4D78E4-10AF-4034-A72F-5A62A71F0736}"
EndProject
Global
	GlobalSection(SolutionConfigurationPlatforms) = preSolution
		Debug|Any CPU = Debug|Any CPU
		Release|Any CPU = Release|Any CPU
	EndGlobalSection
	GlobalSection(ProjectConfigurationPlatforms) = postSolution
		{DC4D78E4-10AF-4034-A72F-5A62A71F0736}.Debug|Any CPU.ActiveCfg = Debug|Any CPU
		{DC4D78E4-10AF-4034-A72F-5A62A71F0736}.Debug|Any CPU.Build.0 = Debug|Any CPU
		{DC4D78E4-10AF-4034-A72F-5A62A71F0736}.Release|Any CPU.ActiveCfg = Release|Any CPU
		{DC4D78E4-10AF-4034-A72F-5A62A71F0736}.Release|Any CPU.Build.0 = Release|Any CPU
	EndGlobalSection
	GlobalSection(SolutionProperties) = preSolution
		HideSolutionNode = FALSE
	EndGlobalSection
	GlobalSection(ExtensibilityGlobals) = postSolution
		SolutionGuid = {B558777A-ECF2-4082-881B-E6753332CD25}
	EndGlobalSection
EndGlobal
