
Microsoft Visual Studio Solution File, Format Version 12.00
# Visual Studio Version 17
VisualStudioVersion = 17.11.35327.3
MinimumVisualStudioVersion = 10.0.40219.1
Project("{FAE04EC0-301F-11D3-BF4B-00C04F79EFBC}") = "StudentWebApi", "StudentWebApi\StudentWebApi.csproj", "{F052A698-EBFE-4513-9319-D43F3A64FC0D}"
EndProject
Global
	GlobalSection(SolutionConfigurationPlatforms) = preSolution
		Debug|Any CPU = Debug|Any CPU
		Release|Any CPU = Release|Any CPU
	EndGlobalSection
	GlobalSection(ProjectConfigurationPlatforms) = postSolution
		{F052A698-EBFE-4513-9319-D43F3A64FC0D}.Debug|Any CPU.ActiveCfg = Debug|Any CPU
		{F052A698-EBFE-4513-9319-D43F3A64FC0D}.Debug|Any CPU.Build.0 = Debug|Any CPU
		{F052A698-EBFE-4513-9319-D43F3A64FC0D}.Release|Any CPU.ActiveCfg = Release|Any CPU
		{F052A698-EBFE-4513-9319-D43F3A64FC0D}.Release|Any CPU.Build.0 = Release|Any CPU
	EndGlobalSection
	GlobalSection(SolutionProperties) = preSolution
		HideSolutionNode = FALSE
	EndGlobalSection
	GlobalSection(ExtensibilityGlobals) = postSolution
		SolutionGuid = {DD1A50B0-3171-471C-9667-DD4543E09B24}
	EndGlobalSection
EndGlobal
