
Microsoft Visual Studio Solution File, Format Version 12.00
# Visual Studio Version 17
VisualStudioVersion = 17.11.35327.3
MinimumVisualStudioVersion = 10.0.40219.1
Project("{FAE04EC0-301F-11D3-BF4B-00C04F79EFBC}") = "LoginVM", "LoginVM\LoginVM.csproj", "{77070A9C-2798-4973-A602-55C7A1EDDAC4}"
EndProject
Global
	GlobalSection(SolutionConfigurationPlatforms) = preSolution
		Debug|Any CPU = Debug|Any CPU
		Release|Any CPU = Release|Any CPU
	EndGlobalSection
	GlobalSection(ProjectConfigurationPlatforms) = postSolution
		{77070A9C-2798-4973-A602-55C7A1EDDAC4}.Debug|Any CPU.ActiveCfg = Debug|Any CPU
		{77070A9C-2798-4973-A602-55C7A1EDDAC4}.Debug|Any CPU.Build.0 = Debug|Any CPU
		{77070A9C-2798-4973-A602-55C7A1EDDAC4}.Release|Any CPU.ActiveCfg = Release|Any CPU
		{77070A9C-2798-4973-A602-55C7A1EDDAC4}.Release|Any CPU.Build.0 = Release|Any CPU
	EndGlobalSection
	GlobalSection(SolutionProperties) = preSolution
		HideSolutionNode = FALSE
	EndGlobalSection
	GlobalSection(ExtensibilityGlobals) = postSolution
		SolutionGuid = {C79E0C72-B2DB-46A6-85B0-F0F8CE447B1E}
	EndGlobalSection
EndGlobal
