
Microsoft Visual Studio Solution File, Format Version 12.00
# Visual Studio Version 17
VisualStudioVersion = 17.11.35327.3
MinimumVisualStudioVersion = 10.0.40219.1
Project("{FAE04EC0-301F-11D3-BF4B-00C04F79EFBC}") = "ExtensionMethodsDemo", "ExtensionMethodsDemo.csproj", "{92E12468-F5BA-4259-BA46-A0C739AAFE4D}"
EndProject
Global
	GlobalSection(SolutionConfigurationPlatforms) = preSolution
		Debug|Any CPU = Debug|Any CPU
		Release|Any CPU = Release|Any CPU
	EndGlobalSection
	GlobalSection(ProjectConfigurationPlatforms) = postSolution
		{92E12468-F5BA-4259-BA46-A0C739AAFE4D}.Debug|Any CPU.ActiveCfg = Debug|Any CPU
		{92E12468-F5BA-4259-BA46-A0C739AAFE4D}.Debug|Any CPU.Build.0 = Debug|Any CPU
		{92E12468-F5BA-4259-BA46-A0C739AAFE4D}.Release|Any CPU.ActiveCfg = Release|Any CPU
		{92E12468-F5BA-4259-BA46-A0C739AAFE4D}.Release|Any CPU.Build.0 = Release|Any CPU
	EndGlobalSection
	GlobalSection(SolutionProperties) = preSolution
		HideSolutionNode = FALSE
	EndGlobalSection
	GlobalSection(ExtensibilityGlobals) = postSolution
		SolutionGuid = {79CAD0DA-4CBE-4133-9303-C7AD587466DB}
	EndGlobalSection
EndGlobal
