
Microsoft Visual Studio Solution File, Format Version 12.00
# Visual Studio Version 17
VisualStudioVersion = 17.11.35327.3
MinimumVisualStudioVersion = 10.0.40219.1
Project("{FAE04EC0-301F-11D3-BF4B-00C04F79EFBC}") = "CompanyEFDemo", "CompanyEFDemo.csproj", "{4588284F-A3BB-4AE5-B94B-D61A78690E78}"
EndProject
Global
	GlobalSection(SolutionConfigurationPlatforms) = preSolution
		Debug|Any CPU = Debug|Any CPU
		Release|Any CPU = Release|Any CPU
	EndGlobalSection
	GlobalSection(ProjectConfigurationPlatforms) = postSolution
		{4588284F-A3BB-4AE5-B94B-D61A78690E78}.Debug|Any CPU.ActiveCfg = Debug|Any CPU
		{4588284F-A3BB-4AE5-B94B-D61A78690E78}.Debug|Any CPU.Build.0 = Debug|Any CPU
		{4588284F-A3BB-4AE5-B94B-D61A78690E78}.Release|Any CPU.ActiveCfg = Release|Any CPU
		{4588284F-A3BB-4AE5-B94B-D61A78690E78}.Release|Any CPU.Build.0 = Release|Any CPU
	EndGlobalSection
	GlobalSection(SolutionProperties) = preSolution
		HideSolutionNode = FALSE
	EndGlobalSection
	GlobalSection(ExtensibilityGlobals) = postSolution
		SolutionGuid = {355DD5FF-0DED-4C29-8D20-67A6A2AD8330}
	EndGlobalSection
EndGlobal
