
Microsoft Visual Studio Solution File, Format Version 12.00
# Visual Studio Version 17
VisualStudioVersion = 17.11.35222.181
MinimumVisualStudioVersion = 10.0.40219.1
Project("{FAE04EC0-301F-11D3-BF4B-00C04F79EFBC}") = "SingletonApp", "SingletonApp.csproj", "{977D56C5-5E72-4525-AA11-3068882FD677}"
EndProject
Global
	GlobalSection(SolutionConfigurationPlatforms) = preSolution
		Debug|Any CPU = Debug|Any CPU
		Release|Any CPU = Release|Any CPU
	EndGlobalSection
	GlobalSection(ProjectConfigurationPlatforms) = postSolution
		{977D56C5-5E72-4525-AA11-3068882FD677}.Debug|Any CPU.ActiveCfg = Debug|Any CPU
		{977D56C5-5E72-4525-AA11-3068882FD677}.Debug|Any CPU.Build.0 = Debug|Any CPU
		{977D56C5-5E72-4525-AA11-3068882FD677}.Release|Any CPU.ActiveCfg = Release|Any CPU
		{977D56C5-5E72-4525-AA11-3068882FD677}.Release|Any CPU.Build.0 = Release|Any CPU
	EndGlobalSection
	GlobalSection(SolutionProperties) = preSolution
		HideSolutionNode = FALSE
	EndGlobalSection
	GlobalSection(ExtensibilityGlobals) = postSolution
		SolutionGuid = {EAED43CA-0130-4887-AD69-935DFBA5029C}
	EndGlobalSection
EndGlobal
