
Microsoft Visual Studio Solution File, Format Version 12.00
# Visual Studio Version 17
VisualStudioVersion = 17.11.35327.3
MinimumVisualStudioVersion = 10.0.40219.1
Project("{FAE04EC0-301F-11D3-BF4B-00C04F79EFBC}") = "AuthorBookApi", "AuthorBookApi\AuthorBookApi.csproj", "{926502A9-DBED-443E-870B-79CF950832BD}"
EndProject
Global
	GlobalSection(SolutionConfigurationPlatforms) = preSolution
		Debug|Any CPU = Debug|Any CPU
		Release|Any CPU = Release|Any CPU
	EndGlobalSection
	GlobalSection(ProjectConfigurationPlatforms) = postSolution
		{926502A9-DBED-443E-870B-79CF950832BD}.Debug|Any CPU.ActiveCfg = Debug|Any CPU
		{926502A9-DBED-443E-870B-79CF950832BD}.Debug|Any CPU.Build.0 = Debug|Any CPU
		{926502A9-DBED-443E-870B-79CF950832BD}.Release|Any CPU.ActiveCfg = Release|Any CPU
		{926502A9-DBED-443E-870B-79CF950832BD}.Release|Any CPU.Build.0 = Release|Any CPU
	EndGlobalSection
	GlobalSection(SolutionProperties) = preSolution
		HideSolutionNode = FALSE
	EndGlobalSection
	GlobalSection(ExtensibilityGlobals) = postSolution
		SolutionGuid = {8958DDDF-5AA1-48B4-871E-CAD25B43A334}
	EndGlobalSection
EndGlobal
